
Microsoft Visual Studio Solution File, Format Version 12.00
# Visual Studio Version 17
VisualStudioVersion = 17.7.34024.191
MinimumVisualStudioVersion = 10.0.40219.1
Project("{FAE04EC0-301F-11D3-BF4B-00C04F79EFBC}") = "Invstec.Assessment", "Invstec.Assessment\Invstec.Assessment.csproj", "{384673E0-EC80-42F6-93E3-DACE84A81D8A}"
EndProject
Global
	GlobalSection(SolutionConfigurationPlatforms) = preSolution
		Debug|Any CPU = Debug|Any CPU
		Release|Any CPU = Release|Any CPU
	EndGlobalSection
	GlobalSection(ProjectConfigurationPlatforms) = postSolution
		{384673E0-EC80-42F6-93E3-DACE84A81D8A}.Debug|Any CPU.ActiveCfg = Debug|Any CPU
		{384673E0-EC80-42F6-93E3-DACE84A81D8A}.Debug|Any CPU.Build.0 = Debug|Any CPU
		{384673E0-EC80-42F6-93E3-DACE84A81D8A}.Release|Any CPU.ActiveCfg = Release|Any CPU
		{384673E0-EC80-42F6-93E3-DACE84A81D8A}.Release|Any CPU.Build.0 = Release|Any CPU
	EndGlobalSection
	GlobalSection(SolutionProperties) = preSolution
		HideSolutionNode = FALSE
	EndGlobalSection
	GlobalSection(ExtensibilityGlobals) = postSolution
		SolutionGuid = {CD644EFA-19A2-4534-A79B-3F42C00B8809}
	EndGlobalSection
EndGlobal
